// !$*UTF8*$!
{
	archiveVersion = 1;
	classes = {
	};
	objectVersion = 50;
	objects = {

/* Begin PBXBuildFile section */
		1214FA3321ED177E008E05C0 /* AppDelegate.swift in Sources */ = {isa = PBXBuildFile; fileRef = 1214FA3221ED177E008E05C0 /* AppDelegate.swift */; };
		1214FA3521ED177E008E05C0 /* PhotoJournalViewController.swift in Sources */ = {isa = PBXBuildFile; fileRef = 1214FA3421ED177E008E05C0 /* PhotoJournalViewController.swift */; };
		1214FA3821ED177E008E05C0 /* Main.storyboard in Resources */ = {isa = PBXBuildFile; fileRef = 1214FA3621ED177E008E05C0 /* Main.storyboard */; };
		1214FA3A21ED177F008E05C0 /* Assets.xcassets in Resources */ = {isa = PBXBuildFile; fileRef = 1214FA3921ED177F008E05C0 /* Assets.xcassets */; };
		1214FA3D21ED177F008E05C0 /* LaunchScreen.storyboard in Resources */ = {isa = PBXBuildFile; fileRef = 1214FA3B21ED177F008E05C0 /* LaunchScreen.storyboard */; };
		1214FA4B21ED3AEE008E05C0 /* DetailedViewController.swift in Sources */ = {isa = PBXBuildFile; fileRef = 1214FA4A21ED3AEE008E05C0 /* DetailedViewController.swift */; };
		1214FA4F21ED3B78008E05C0 /* DataPersistenceManager.swift in Sources */ = {isa = PBXBuildFile; fileRef = 1214FA4E21ED3B78008E05C0 /* DataPersistenceManager.swift */; };
		1214FA5221ED3CE7008E05C0 /* PhotoJournalModel.swift in Sources */ = {isa = PBXBuildFile; fileRef = 1214FA5121ED3CE7008E05C0 /* PhotoJournalModel.swift */; };
		1214FA5421ED3DF6008E05C0 /* PhotoJournal.swift in Sources */ = {isa = PBXBuildFile; fileRef = 1214FA5321ED3DF6008E05C0 /* PhotoJournal.swift */; };
		1214FA5A21ED47B0008E05C0 /* PhotoJournalCell.swift in Sources */ = {isa = PBXBuildFile; fileRef = 1214FA5921ED47B0008E05C0 /* PhotoJournalCell.swift */; };
/* End PBXBuildFile section */

/* Begin PBXFileReference section */
		1214FA2F21ED177E008E05C0 /* PhotoJournal.app */ = {isa = PBXFileReference; explicitFileType = wrapper.application; includeInIndex = 0; path = PhotoJournal.app; sourceTree = BUILT_PRODUCTS_DIR; };
		1214FA3221ED177E008E05C0 /* AppDelegate.swift */ = {isa = PBXFileReference; lastKnownFileType = sourcecode.swift; path = AppDelegate.swift; sourceTree = "<group>"; };
		1214FA3421ED177E008E05C0 /* PhotoJournalViewController.swift */ = {isa = PBXFileReference; lastKnownFileType = sourcecode.swift; path = PhotoJournalViewController.swift; sourceTree = "<group>"; };
		1214FA3721ED177E008E05C0 /* Base */ = {isa = PBXFileReference; lastKnownFileType = file.storyboard; name = Base; path = Base.lproj/Main.storyboard; sourceTree = "<group>"; };
		1214FA3921ED177F008E05C0 /* Assets.xcassets */ = {isa = PBXFileReference; lastKnownFileType = folder.assetcatalog; path = Assets.xcassets; sourceTree = "<group>"; };
		1214FA3C21ED177F008E05C0 /* Base */ = {isa = PBXFileReference; lastKnownFileType = file.storyboard; name = Base; path = Base.lproj/LaunchScreen.storyboard; sourceTree = "<group>"; };
		1214FA3E21ED177F008E05C0 /* Info.plist */ = {isa = PBXFileReference; lastKnownFileType = text.plist.xml; path = Info.plist; sourceTree = "<group>"; };
		1214FA4A21ED3AEE008E05C0 /* DetailedViewController.swift */ = {isa = PBXFileReference; lastKnownFileType = sourcecode.swift; path = DetailedViewController.swift; sourceTree = "<group>"; };
		1214FA4E21ED3B78008E05C0 /* DataPersistenceManager.swift */ = {isa = PBXFileReference; lastKnownFileType = sourcecode.swift; path = DataPersistenceManager.swift; sourceTree = "<group>"; };
		1214FA5121ED3CE7008E05C0 /* PhotoJournalModel.swift */ = {isa = PBXFileReference; lastKnownFileType = sourcecode.swift; path = PhotoJournalModel.swift; sourceTree = "<group>"; };
		1214FA5321ED3DF6008E05C0 /* PhotoJournal.swift */ = {isa = PBXFileReference; lastKnownFileType = sourcecode.swift; path = PhotoJournal.swift; sourceTree = "<group>"; };
		1214FA5921ED47B0008E05C0 /* PhotoJournalCell.swift */ = {isa = PBXFileReference; lastKnownFileType = sourcecode.swift; path = PhotoJournalCell.swift; sourceTree = "<group>"; };
/* End PBXFileReference section */

/* Begin PBXFrameworksBuildPhase section */
		1214FA2C21ED177E008E05C0 /* Frameworks */ = {
			isa = PBXFrameworksBuildPhase;
			buildActionMask = 2147483647;
			files = (
			);
			runOnlyForDeploymentPostprocessing = 0;
		};
/* End PBXFrameworksBuildPhase section */

/* Begin PBXGroup section */
		1214FA2621ED177E008E05C0 = {
			isa = PBXGroup;
			children = (
				1214FA5921ED47B0008E05C0 /* PhotoJournalCell.swift */,
				1214FA3121ED177E008E05C0 /* PhotoJournal */,
				1214FA3021ED177E008E05C0 /* Products */,
			);
			sourceTree = "<group>";
		};
		1214FA3021ED177E008E05C0 /* Products */ = {
			isa = PBXGroup;
			children = (
				1214FA2F21ED177E008E05C0 /* PhotoJournal.app */,
			);
			name = Products;
			sourceTree = "<group>";
		};
		1214FA3121ED177E008E05C0 /* PhotoJournal */ = {
			isa = PBXGroup;
			children = (
				1214FA5021ED3CB2008E05C0 /* Data Managment */,
				1214FA4C21ED3B21008E05C0 /* Controllers */,
				1214FA3621ED177E008E05C0 /* Main.storyboard */,
				1214FA4D21ED3B36008E05C0 /* Supporting Files */,
				1214FA3E21ED177F008E05C0 /* Info.plist */,
			);
			path = PhotoJournal;
			sourceTree = "<group>";
		};
		1214FA4C21ED3B21008E05C0 /* Controllers */ = {
			isa = PBXGroup;
			children = (
				1214FA3421ED177E008E05C0 /* PhotoJournalViewController.swift */,
				1214FA4A21ED3AEE008E05C0 /* DetailedViewController.swift */,
			);
			path = Controllers;
			sourceTree = "<group>";
		};
		1214FA4D21ED3B36008E05C0 /* Supporting Files */ = {
			isa = PBXGroup;
			children = (
				1214FA3921ED177F008E05C0 /* Assets.xcassets */,
				1214FA3221ED177E008E05C0 /* AppDelegate.swift */,
				1214FA3B21ED177F008E05C0 /* LaunchScreen.storyboard */,
			);
			path = "Supporting Files";
			sourceTree = "<group>";
		};
		1214FA5021ED3CB2008E05C0 /* Data Managment */ = {
			isa = PBXGroup;
			children = (
				1214FA4E21ED3B78008E05C0 /* DataPersistenceManager.swift */,
				1214FA5121ED3CE7008E05C0 /* PhotoJournalModel.swift */,
				1214FA5321ED3DF6008E05C0 /* PhotoJournal.swift */,
			);
			path = "Data Managment";
			sourceTree = "<group>";
		};
/* End PBXGroup section */

/* Begin PBXNativeTarget section */
		1214FA2E21ED177E008E05C0 /* PhotoJournal */ = {
			isa = PBXNativeTarget;
			buildConfigurationList = 1214FA4121ED177F008E05C0 /* Build configuration list for PBXNativeTarget "PhotoJournal" */;
			buildPhases = (
				1214FA2B21ED177E008E05C0 /* Sources */,
				1214FA2C21ED177E008E05C0 /* Frameworks */,
				1214FA2D21ED177E008E05C0 /* Resources */,
			);
			buildRules = (
			);
			dependencies = (
			);
			name = PhotoJournal;
			productName = PhotoJournal;
			productReference = 1214FA2F21ED177E008E05C0 /* PhotoJournal.app */;
			productType = "com.apple.product-type.application";
		};
/* End PBXNativeTarget section */

/* Begin PBXProject section */
		1214FA2721ED177E008E05C0 /* Project object */ = {
			isa = PBXProject;
			attributes = {
				LastSwiftUpdateCheck = 1000;
				LastUpgradeCheck = 1000;
				ORGANIZATIONNAME = Olimpia;
				TargetAttributes = {
					1214FA2E21ED177E008E05C0 = {
						CreatedOnToolsVersion = 10.0;
					};
				};
			};
			buildConfigurationList = 1214FA2A21ED177E008E05C0 /* Build configuration list for PBXProject "PhotoJournal" */;
			compatibilityVersion = "Xcode 9.3";
			developmentRegion = en;
			hasScannedForEncodings = 0;
			knownRegions = (
				en,
				Base,
			);
			mainGroup = 1214FA2621ED177E008E05C0;
			productRefGroup = 1214FA3021ED177E008E05C0 /* Products */;
			projectDirPath = "";
			projectRoot = "";
			targets = (
				1214FA2E21ED177E008E05C0 /* PhotoJournal */,
			);
		};
/* End PBXProject section */

/* Begin PBXResourcesBuildPhase section */
		1214FA2D21ED177E008E05C0 /* Resources */ = {
			isa = PBXResourcesBuildPhase;
			buildActionMask = 2147483647;
			files = (
				1214FA3D21ED177F008E05C0 /* LaunchScreen.storyboard in Resources */,
				1214FA3A21ED177F008E05C0 /* Assets.xcassets in Resources */,
				1214FA3821ED177E008E05C0 /* Main.storyboard in Resources */,
			);
			runOnlyForDeploymentPostprocessing = 0;
		};
/* End PBXResourcesBuildPhase section */

/* Begin PBXSourcesBuildPhase section */
		1214FA2B21ED177E008E05C0 /* Sources */ = {
			isa = PBXSourcesBuildPhase;
			buildActionMask = 2147483647;
			files = (
				1214FA5A21ED47B0008E05C0 /* PhotoJournalCell.swift in Sources */,
				1214FA3521ED177E008E05C0 /* PhotoJournalViewController.swift in Sources */,
				1214FA4F21ED3B78008E05C0 /* DataPersistenceManager.swift in Sources */,
				1214FA5421ED3DF6008E05C0 /* PhotoJournal.swift in Sources */,
				1214FA5221ED3CE7008E05C0 /* PhotoJournalModel.swift in Sources */,
				1214FA3321ED177E008E05C0 /* AppDelegate.swift in Sources */,
				1214FA4B21ED3AEE008E05C0 /* DetailedViewController.swift in Sources */,
			);
			runOnlyForDeploymentPostprocessing = 0;
		};
/* End PBXSourcesBuildPhase section */

/* Begin PBXVariantGroup section */
		1214FA3621ED177E008E05C0 /* Main.storyboard */ = {
			isa = PBXVariantGroup;
			children = (
				1214FA3721ED177E008E05C0 /* Base */,
			);
			name = Main.storyboard;
			sourceTree = "<group>";
		};
		1214FA3B21ED177F008E05C0 /* LaunchScreen.storyboard */ = {
			isa = PBXVariantGroup;
			children = (
				1214FA3C21ED177F008E05C0 /* Base */,
			);
			name = LaunchScreen.storyboard;
			sourceTree = "<group>";
		};
/* End PBXVariantGroup section */

/* Begin XCBuildConfiguration section */
		1214FA3F21ED177F008E05C0 /* Debug */ = {
			isa = XCBuildConfiguration;
			buildSettings = {
				ALWAYS_SEARCH_USER_PATHS = NO;
				CLANG_ANALYZER_NONNULL = YES;
				CLANG_ANALYZER_NUMBER_OBJECT_CONVERSION = YES_AGGRESSIVE;
				CLANG_CXX_LANGUAGE_STANDARD = "gnu++14";
				CLANG_CXX_LIBRARY = "libc++";
				CLANG_ENABLE_MODULES = YES;
				CLANG_ENABLE_OBJC_ARC = YES;
				CLANG_ENABLE_OBJC_WEAK = YES;
				CLANG_WARN_BLOCK_CAPTURE_AUTORELEASING = YES;
				CLANG_WARN_BOOL_CONVERSION = YES;
				CLANG_WARN_COMMA = YES;
				CLANG_WARN_CONSTANT_CONVERSION = YES;
				CLANG_WARN_DEPRECATED_OBJC_IMPLEMENTATIONS = YES;
				CLANG_WARN_DIRECT_OBJC_ISA_USAGE = YES_ERROR;
				CLANG_WARN_DOCUMENTATION_COMMENTS = YES;
				CLANG_WARN_EMPTY_BODY = YES;
				CLANG_WARN_ENUM_CONVERSION = YES;
				CLANG_WARN_INFINITE_RECURSION = YES;
				CLANG_WARN_INT_CONVERSION = YES;
				CLANG_WARN_NON_LITERAL_NULL_CONVERSION = YES;
				CLANG_WARN_OBJC_IMPLICIT_RETAIN_SELF = YES;
				CLANG_WARN_OBJC_LITERAL_CONVERSION = YES;
				CLANG_WARN_OBJC_ROOT_CLASS = YES_ERROR;
				CLANG_WARN_RANGE_LOOP_ANALYSIS = YES;
				CLANG_WARN_STRICT_PROTOTYPES = YES;
				CLANG_WARN_SUSPICIOUS_MOVE = YES;
				CLANG_WARN_UNGUARDED_AVAILABILITY = YES_AGGRESSIVE;
				CLANG_WARN_UNREACHABLE_CODE = YES;
				CLANG_WARN__DUPLICATE_METHOD_MATCH = YES;
				CODE_SIGN_IDENTITY = "iPhone Developer";
				COPY_PHASE_STRIP = NO;
				DEBUG_INFORMATION_FORMAT = dwarf;
				ENABLE_STRICT_OBJC_MSGSEND = YES;
				ENABLE_TESTABILITY = YES;
				GCC_C_LANGUAGE_STANDARD = gnu11;
				GCC_DYNAMIC_NO_PIC = NO;
				GCC_NO_COMMON_BLOCKS = YES;
				GCC_OPTIMIZATION_LEVEL = 0;
				GCC_PREPROCESSOR_DEFINITIONS = (
					"DEBUG=1",
					"$(inherited)",
				);
				GCC_WARN_64_TO_32_BIT_CONVERSION = YES;
				GCC_WARN_ABOUT_RETURN_TYPE = YES_ERROR;
				GCC_WARN_UNDECLARED_SELECTOR = YES;
				GCC_WARN_UNINITIALIZED_AUTOS = YES_AGGRESSIVE;
				GCC_WARN_UNUSED_FUNCTION = YES;
				GCC_WARN_UNUSED_VARIABLE = YES;
				IPHONEOS_DEPLOYMENT_TARGET = 12.0;
				MTL_ENABLE_DEBUG_INFO = INCLUDE_SOURCE;
				MTL_FAST_MATH = YES;
				ONLY_ACTIVE_ARCH = YES;
				SDKROOT = iphoneos;
				SWIFT_ACTIVE_COMPILATION_CONDITIONS = DEBUG;
				SWIFT_OPTIMIZATION_LEVEL = "-Onone";
			};
			name = Debug;
		};
		1214FA4021ED177F008E05C0 /* Release */ = {
			isa = XCBuildConfiguration;
			buildSettings = {
				ALWAYS_SEARCH_USER_PATHS = NO;
				CLANG_ANALYZER_NONNULL = YES;
				CLANG_ANALYZER_NUMBER_OBJECT_CONVERSION = YES_AGGRESSIVE;
				CLANG_CXX_LANGUAGE_STANDARD = "gnu++14";
				CLANG_CXX_LIBRARY = "libc++";
				CLANG_ENABLE_MODULES = YES;
				CLANG_ENABLE_OBJC_ARC = YES;
				CLANG_ENABLE_OBJC_WEAK = YES;
				CLANG_WARN_BLOCK_CAPTURE_AUTORELEASING = YES;
				CLANG_WARN_BOOL_CONVERSION = YES;
				CLANG_WARN_COMMA = YES;
				CLANG_WARN_CONSTANT_CONVERSION = YES;
				CLANG_WARN_DEPRECATED_OBJC_IMPLEMENTATIONS = YES;
				CLANG_WARN_DIRECT_OBJC_ISA_USAGE = YES_ERROR;
				CLANG_WARN_DOCUMENTATION_COMMENTS = YES;
				CLANG_WARN_EMPTY_BODY = YES;
				CLANG_WARN_ENUM_CONVERSION = YES;
				CLANG_WARN_INFINITE_RECURSION = YES;
				CLANG_WARN_INT_CONVERSION = YES;
				CLANG_WARN_NON_LITERAL_NULL_CONVERSION = YES;
				CLANG_WARN_OBJC_IMPLICIT_RETAIN_SELF = YES;
				CLANG_WARN_OBJC_LITERAL_CONVERSION = YES;
				CLANG_WARN_OBJC_ROOT_CLASS = YES_ERROR;
				CLANG_WARN_RANGE_LOOP_ANALYSIS = YES;
				CLANG_WARN_STRICT_PROTOTYPES = YES;
				CLANG_WARN_SUSPICIOUS_MOVE = YES;
				CLANG_WARN_UNGUARDED_AVAILABILITY = YES_AGGRESSIVE;
				CLANG_WARN_UNREACHABLE_CODE = YES;
				CLANG_WARN__DUPLICATE_METHOD_MATCH = YES;
				CODE_SIGN_IDENTITY = "iPhone Developer";
				COPY_PHASE_STRIP = NO;
				DEBUG_INFORMATION_FORMAT = "dwarf-with-dsym";
				ENABLE_NS_ASSERTIONS = NO;
				ENABLE_STRICT_OBJC_MSGSEND = YES;
				GCC_C_LANGUAGE_STANDARD = gnu11;
				GCC_NO_COMMON_BLOCKS = YES;
				GCC_WARN_64_TO_32_BIT_CONVERSION = YES;
				GCC_WARN_ABOUT_RETURN_TYPE = YES_ERROR;
				GCC_WARN_UNDECLARED_SELECTOR = YES;
				GCC_WARN_UNINITIALIZED_AUTOS = YES_AGGRESSIVE;
				GCC_WARN_UNUSED_FUNCTION = YES;
				GCC_WARN_UNUSED_VARIABLE = YES;
				IPHONEOS_DEPLOYMENT_TARGET = 12.0;
				MTL_ENABLE_DEBUG_INFO = NO;
				MTL_FAST_MATH = YES;
				SDKROOT = iphoneos;
				SWIFT_COMPILATION_MODE = wholemodule;
				SWIFT_OPTIMIZATION_LEVEL = "-O";
				VALIDATE_PRODUCT = YES;
			};
			name = Release;
		};
		1214FA4221ED177F008E05C0 /* Debug */ = {
			isa = XCBuildConfiguration;
			buildSettings = {
				ASSETCATALOG_COMPILER_APPICON_NAME = AppIcon;
				CODE_SIGN_STYLE = Automatic;
				DEVELOPMENT_TEAM = 427QA2XMX6;
				INFOPLIST_FILE = PhotoJournal/Info.plist;
				LD_RUNPATH_SEARCH_PATHS = (
					"$(inherited)",
					"@executable_path/Frameworks",
				);
				PRODUCT_BUNDLE_IDENTIFIER = Xcode.PhotoJournal;
				PRODUCT_NAME = "$(TARGET_NAME)";
				SWIFT_VERSION = 4.2;
				TARGETED_DEVICE_FAMILY = "1,2";
			};
			name = Debug;
		};
		1214FA4321ED177F008E05C0 /* Release */ = {
			isa = XCBuildConfiguration;
			buildSettings = {
				ASSETCATALOG_COMPILER_APPICON_NAME = AppIcon;
				CODE_SIGN_STYLE = Automatic;
				DEVELOPMENT_TEAM = 427QA2XMX6;
				INFOPLIST_FILE = PhotoJournal/Info.plist;
				LD_RUNPATH_SEARCH_PATHS = (
					"$(inherited)",
					"@executable_path/Frameworks",
				);
				PRODUCT_BUNDLE_IDENTIFIER = Xcode.PhotoJournal;
				PRODUCT_NAME = "$(TARGET_NAME)";
				SWIFT_VERSION = 4.2;
				TARGETED_DEVICE_FAMILY = "1,2";
			};
			name = Release;
		};
/* End XCBuildConfiguration section */

/* Begin XCConfigurationList section */
		1214FA2A21ED177E008E05C0 /* Build configuration list for PBXProject "PhotoJournal" */ = {
			isa = XCConfigurationList;
			buildConfigurations = (
				1214FA3F21ED177F008E05C0 /* Debug */,
				1214FA4021ED177F008E05C0 /* Release */,
			);
			defaultConfigurationIsVisible = 0;
			defaultConfigurationName = Release;
		};
		1214FA4121ED177F008E05C0 /* Build configuration list for PBXNativeTarget "PhotoJournal" */ = {
			isa = XCConfigurationList;
			buildConfigurations = (
				1214FA4221ED177F008E05C0 /* Debug */,
				1214FA4321ED177F008E05C0 /* Release */,
			);
			defaultConfigurationIsVisible = 0;
			defaultConfigurationName = Release;
		};
/* End XCConfigurationList section */
	};
	rootObject = 1214FA2721ED177E008E05C0 /* Project object */;
}
